
Microsoft Visual Studio Solution File, Format Version 12.00
# Visual Studio 15
VisualStudioVersion = 15.0.27130.2027
MinimumVisualStudioVersion = 10.0.40219.1
Project("{FAE04EC0-301F-11D3-BF4B-00C04F79EFBC}") = "Shylo_IKM_721a_Course_2_project_1", "Shylo_IKM_721a_Course_2_project_1\Shylo_IKM_721a_Course_2_project_1.csproj", "{978E7A6E-2649-489B-A105-5CABA133FB1E}"
EndProject
Global
	GlobalSection(SolutionConfigurationPlatforms) = preSolution
		Debug|Any CPU = Debug|Any CPU
		Release|Any CPU = Release|Any CPU
	EndGlobalSection
	GlobalSection(ProjectConfigurationPlatforms) = postSolution
		{978E7A6E-2649-489B-A105-5CABA133FB1E}.Debug|Any CPU.ActiveCfg = Debug|Any CPU
		{978E7A6E-2649-489B-A105-5CABA133FB1E}.Debug|Any CPU.Build.0 = Debug|Any CPU
		{978E7A6E-2649-489B-A105-5CABA133FB1E}.Release|Any CPU.ActiveCfg = Release|Any CPU
		{978E7A6E-2649-489B-A105-5CABA133FB1E}.Release|Any CPU.Build.0 = Release|Any CPU
	EndGlobalSection
	GlobalSection(SolutionProperties) = preSolution
		HideSolutionNode = FALSE
	EndGlobalSection
	GlobalSection(ExtensibilityGlobals) = postSolution
		SolutionGuid = {39723A01-9AF4-4C77-849B-FEA1B7540313}
	EndGlobalSection
EndGlobal
